Microsoft Visual Studio Solution File, Format Version 12.00
# Visual Studio 2012
Project("{FAE04EC0-301F-11D3-BF4B-00C04F79EFBC}") = "RichardLawley.WebApi.OrderedFilters", "src\RichardLawley.WebApi.OrderedFilters\RichardLawley.WebApi.OrderedFilters.csproj", "{7A53C3E7-FBBD-4504-A97C-2647995F6726}"
EndProject
Project("{FAE04EC0-301F-11D3-BF4B-00C04F79EFBC}") = "RichardLawley.WebApi.OrderedFilters.Tests", "src\RichardLawley.WebApi.OrderedFilters.Tests\RichardLawley.WebApi.OrderedFilters.Tests.csproj", "{7805CD2C-2EAB-4DC7-97BA-DE7FD2EAEFE5}"
EndProject
Project("{2150E333-8FDC-42A3-9474-1A3956D46DE8}") = ".nuget", ".nuget", "{2ADB4E08-9959-42B2-A61C-A8E9A1C4B160}"
	ProjectSection(SolutionItems) = preProject
		.nuget\NuGet.Config = .nuget\NuGet.Config
		.nuget\NuGet.exe = .nuget\NuGet.exe
		.nuget\NuGet.targets = .nuget\NuGet.targets
	EndProjectSection
EndProject
Global
	GlobalSection(SolutionConfigurationPlatforms) = preSolution
		Debug|Any CPU = Debug|Any CPU
		Release|Any CPU = Release|Any CPU
	EndGlobalSection
	GlobalSection(ProjectConfigurationPlatforms) = postSolution
		{7A53C3E7-FBBD-4504-A97C-2647995F6726}.Debug|Any CPU.ActiveCfg = Debug|Any CPU
		{7A53C3E7-FBBD-4504-A97C-2647995F6726}.Debug|Any CPU.Build.0 = Debug|Any CPU
		{7A53C3E7-FBBD-4504-A97C-2647995F6726}.Release|Any CPU.ActiveCfg = Release|Any CPU
		{7A53C3E7-FBBD-4504-A97C-2647995F6726}.Release|Any CPU.Build.0 = Release|Any CPU
		{7805CD2C-2EAB-4DC7-97BA-DE7FD2EAEFE5}.Debug|Any CPU.ActiveCfg = Debug|Any CPU
		{7805CD2C-2EAB-4DC7-97BA-DE7FD2EAEFE5}.Debug|Any CPU.Build.0 = Debug|Any CPU
		{7805CD2C-2EAB-4DC7-97BA-DE7FD2EAEFE5}.Release|Any CPU.ActiveCfg = Release|Any CPU
		{7805CD2C-2EAB-4DC7-97BA-DE7FD2EAEFE5}.Release|Any CPU.Build.0 = Release|Any CPU
	EndGlobalSection
	GlobalSection(SolutionProperties) = preSolution
		HideSolutionNode = FALSE
	EndGlobalSection
EndGlobal
